lockfile_version: '1'
generated_at: '2026-07-09T02:48:42.503741+00:00'
apm_version: 0.24.0
dependencies:
- repo_url: Leonxlnx/taste-skill
  name: design-taste-frontend
  host: github.com
  resolved_commit: b17742737e796305d829b3ad39eda3add0d79060
  version: 1.0.0
  virtual_path: skills/taste-skill
  is_virtual: true
  package_type: claude_skill
  content_hash: sha256:6d838b246d0e35d0b53f4f23f98ba7a1dd561937e64f7d0c7553b0928e376c3e
- repo_url: addyosmani/agent-skills
  name: agent-skills
  host: github.com
  resolved_commit: 0e63d8ea962ecac51637421d8fff63702fac766b
  version: 1.0.0
  package_type: marketplace_plugin
  content_hash: sha256:1cffcaea5e6c56b05b2d05892fc67807b9f57933da699d3dfc463b89c198de3c
- repo_url: shadcn/improve
  name: improve
  host: github.com
  resolved_commit: 03369ee6d7cafbfcecc4346539b05b3dc0a603bb
  version: 1.0.0
  package_type: marketplace_plugin
  deployed_files:
  - .agents/skills/improve
  - .agents/skills/improve/SKILL.md
  - .agents/skills/improve/references/audit-playbook.md
  - .agents/skills/improve/references/closing-the-loop.md
  - .agents/skills/improve/references/plan-template.md
  - .claude/skills/improve
  - .claude/skills/improve/SKILL.md
  - .claude/skills/improve/references/audit-playbook.md
  - .claude/skills/improve/references/closing-the-loop.md
  - .claude/skills/improve/references/plan-template.md
  deployed_file_hashes:
    .agents/skills/improve/SKILL.md: sha256:1599aa29e9b16424cb767779efac53fa56e3f38be92dff4ac587393a1ad5070a
    .agents/skills/improve/references/audit-playbook.md: sha256:587c1b927070f3c28139ad95ac34cc21a7da32618cfeb966cb774e58a865d4c8
    .agents/skills/improve/references/closing-the-loop.md: sha256:5d526bb378e1783bbeb68d7af527776cbe98cde27a1aeccbd13e818e5b73b454
    .agents/skills/improve/references/plan-template.md: sha256:7be76dd3c29442288fa7cee4432fc6e95c2fdbf748c9b356344bf647c5f8722e
    .claude/skills/improve/SKILL.md: sha256:1599aa29e9b16424cb767779efac53fa56e3f38be92dff4ac587393a1ad5070a
    .claude/skills/improve/references/audit-playbook.md: sha256:587c1b927070f3c28139ad95ac34cc21a7da32618cfeb966cb774e58a865d4c8
    .claude/skills/improve/references/closing-the-loop.md: sha256:5d526bb378e1783bbeb68d7af527776cbe98cde27a1aeccbd13e818e5b73b454
    .claude/skills/improve/references/plan-template.md: sha256:7be76dd3c29442288fa7cee4432fc6e95c2fdbf748c9b356344bf647c5f8722e
  content_hash: sha256:4cd40e13503aac88bb60c202dc6a62977b290dbdc973d8cad0556ac46de6042d
  declared_license: MIT
- repo_url: uditgoenka/autoresearch
  name: autoresearch
  host: github.com
  resolved_commit: 870e9b8eca4fbe53cd6cb1247410373692e4aec3
  version: unknown
  virtual_path: .agents/skills/autoresearch
  is_virtual: true
  package_type: claude_skill
  content_hash: sha256:2eb98afc0f8d76aaba93729cdd04a4c9bf5aeebfec98e78bc528804378e9a5a9
local_deployed_files:
- .agents/rules/global.md
- .agents/rules/rtk.md
- .claude/rules/global.md
- .claude/rules/rtk.md
- .cursor/rules/global.mdc
- .cursor/rules/rtk.mdc
local_deployed_file_hashes:
  .agents/rules/global.md: sha256:db590bb5e7210b6d5652e6938b92e36bc047e41ce4140db831eb7e2cc134dfb0
  .agents/rules/rtk.md: sha256:872e3536be657cd4ec3a54d0eb62dc12143faaf0c930dec6111cbfbfd041a2b0
  .claude/rules/global.md: sha256:db590bb5e7210b6d5652e6938b92e36bc047e41ce4140db831eb7e2cc134dfb0
  .claude/rules/rtk.md: sha256:872e3536be657cd4ec3a54d0eb62dc12143faaf0c930dec6111cbfbfd041a2b0
  .cursor/rules/global.mdc: sha256:02d304b9a4acbf83301bc4a2d048f1c407862c5d997954b92b0a8028cf1ebcd0
  .cursor/rules/rtk.mdc: sha256:a8620e3e7d67eba67ddf32a993319a77754f538b8fbe125406e81818e643b3eb
